
Microsoft Visual Studio Solution File, Format Version 12.00
# Visual Studio Version 17
VisualStudioVersion = 17.13.35825.156
MinimumVisualStudioVersion = 10.0.40219.1
Project("{FAE04EC0-301F-11D3-BF4B-00C04F79EFBC}") = "ADO NET 01. SqlConnection", "ADO NET 01\ADO NET 01. SqlConnection.csproj", "{E50C3BD6-538C-4F13-9724-5E2E7EBFD144}"
EndProject
Project("{2150E333-8FDC-42A3-9474-1A3956D46DE8}") = "ADO Entity 01", "ADO Entity 01", "{02EA681E-C7D8-13C7-8484-4AC65E1B71E8}"
EndProject
Project("{FAE04EC0-301F-11D3-BF4B-00C04F79EFBC}") = "ADO NET 01. Sql read data", "ADO NET 01. Sql read data\ADO NET 01. Sql read data.csproj", "{42CB7F25-FB1D-4D92-8020-6DA2E2C6A36D}"
EndProject
Project("{2150E333-8FDC-42A3-9474-1A3956D46DE8}") = "ADO Entity 02", "ADO Entity 02", "{8C4B2B3A-3757-4B1D-9265-CC205256F4C8}"
EndProject
Project("{FAE04EC0-301F-11D3-BF4B-00C04F79EFBC}") = "ADO NET 02. Congiguration file", "ADO NET 02. Congiguration file\ADO NET 02. Congiguration file.csproj", "{69BA06B3-2A2D-42C1-B590-D4D8D3DBC664}"
EndProject
Project("{FAE04EC0-301F-11D3-BF4B-00C04F79EFBC}") = "ADO NET 02. MultiQuery", "ADO NET 02. MultiQuery\ADO NET 02. MultiQuery.csproj", "{9838EA75-DD2B-4A0D-8546-59EF2D44D7EA}"
EndProject
Project("{FAE04EC0-301F-11D3-BF4B-00C04F79EFBC}") = "ADO NET 02. Parametrized query", "ADO NET 02. Parametrized query\ADO NET 02. Parametrized query.csproj", "{AF9C46C4-A70F-44AD-859B-1A04BB0DBF34}"
EndProject
Project("{FAE04EC0-301F-11D3-BF4B-00C04F79EFBC}") = "ADO NET 02. Execute Stored Procedure", "ADO NET 02. Execute Stored Procedure\ADO NET 02. Execute Stored Procedure.csproj", "{EA5CA840-663D-4F96-AE7D-236ED2D5C223}"
EndProject
Project("{2150E333-8FDC-42A3-9474-1A3956D46DE8}") = "EF Core 01", "EF Core 01", "{E6774472-4D21-450E-86AE-EDF815BE36E7}"
EndProject
Project("{FAE04EC0-301F-11D3-BF4B-00C04F79EFBC}") = "EF Core 01. EF Core Introduction", "EF Core 01. EF Core Introduction\EF Core 01. EF Core Introduction.csproj", "{BFA39D0B-5A29-4258-9CDF-0578DA8770B5}"
EndProject
Project("{FAE04EC0-301F-11D3-BF4B-00C04F79EFBC}") = "EF Core 01. Database First", "EF Core 01. Database First\EF Core 01. Database First.csproj", "{FF00BAC7-E828-4904-BDBD-1390F9CDE681}"
EndProject
Project("{FAE04EC0-301F-11D3-BF4B-00C04F79EFBC}") = "EF Core 01. Database First Scaffold", "EF Core 01. Database First Scaffold\EF Core 01. Database First Scaffold.csproj", "{5C2BB30F-E83F-4E0B-82DA-8B9E8CBF61BF}"
EndProject
Project("{FAE04EC0-301F-11D3-BF4B-00C04F79EFBC}") = "EF Core 01. LINQ to Entities", "EF Core 01. LINQ to Entities\EF Core 01. LINQ to Entities.csproj", "{9D8E20BB-E692-4562-A6AF-9E7A5C7D28C0}"
EndProject
Global
	GlobalSection(SolutionConfigurationPlatforms) = preSolution
		Debug|Any CPU = Debug|Any CPU
		Release|Any CPU = Release|Any CPU
	EndGlobalSection
	GlobalSection(ProjectConfigurationPlatforms) = postSolution
		{E50C3BD6-538C-4F13-9724-5E2E7EBFD144}.Debug|Any CPU.ActiveCfg = Debug|Any CPU
		{E50C3BD6-538C-4F13-9724-5E2E7EBFD144}.Debug|Any CPU.Build.0 = Debug|Any CPU
		{E50C3BD6-538C-4F13-9724-5E2E7EBFD144}.Release|Any CPU.ActiveCfg = Release|Any CPU
		{E50C3BD6-538C-4F13-9724-5E2E7EBFD144}.Release|Any CPU.Build.0 = Release|Any CPU
		{42CB7F25-FB1D-4D92-8020-6DA2E2C6A36D}.Debug|Any CPU.ActiveCfg = Debug|Any CPU
		{42CB7F25-FB1D-4D92-8020-6DA2E2C6A36D}.Debug|Any CPU.Build.0 = Debug|Any CPU
		{42CB7F25-FB1D-4D92-8020-6DA2E2C6A36D}.Release|Any CPU.ActiveCfg = Release|Any CPU
		{42CB7F25-FB1D-4D92-8020-6DA2E2C6A36D}.Release|Any CPU.Build.0 = Release|Any CPU
		{69BA06B3-2A2D-42C1-B590-D4D8D3DBC664}.Debug|Any CPU.ActiveCfg = Debug|Any CPU
		{69BA06B3-2A2D-42C1-B590-D4D8D3DBC664}.Debug|Any CPU.Build.0 = Debug|Any CPU
		{69BA06B3-2A2D-42C1-B590-D4D8D3DBC664}.Release|Any CPU.ActiveCfg = Release|Any CPU
		{69BA06B3-2A2D-42C1-B590-D4D8D3DBC664}.Release|Any CPU.Build.0 = Release|Any CPU
		{9838EA75-DD2B-4A0D-8546-59EF2D44D7EA}.Debug|Any CPU.ActiveCfg = Debug|Any CPU
		{9838EA75-DD2B-4A0D-8546-59EF2D44D7EA}.Debug|Any CPU.Build.0 = Debug|Any CPU
		{9838EA75-DD2B-4A0D-8546-59EF2D44D7EA}.Release|Any CPU.ActiveCfg = Release|Any CPU
		{9838EA75-DD2B-4A0D-8546-59EF2D44D7EA}.Release|Any CPU.Build.0 = Release|Any CPU
		{AF9C46C4-A70F-44AD-859B-1A04BB0DBF34}.Debug|Any CPU.ActiveCfg = Debug|Any CPU
		{AF9C46C4-A70F-44AD-859B-1A04BB0DBF34}.Debug|Any CPU.Build.0 = Debug|Any CPU
		{AF9C46C4-A70F-44AD-859B-1A04BB0DBF34}.Release|Any CPU.ActiveCfg = Release|Any CPU
		{AF9C46C4-A70F-44AD-859B-1A04BB0DBF34}.Release|Any CPU.Build.0 = Release|Any CPU
		{EA5CA840-663D-4F96-AE7D-236ED2D5C223}.Debug|Any CPU.ActiveCfg = Debug|Any CPU
		{EA5CA840-663D-4F96-AE7D-236ED2D5C223}.Debug|Any CPU.Build.0 = Debug|Any CPU
		{EA5CA840-663D-4F96-AE7D-236ED2D5C223}.Release|Any CPU.ActiveCfg = Release|Any CPU
		{EA5CA840-663D-4F96-AE7D-236ED2D5C223}.Release|Any CPU.Build.0 = Release|Any CPU
		{BFA39D0B-5A29-4258-9CDF-0578DA8770B5}.Debug|Any CPU.ActiveCfg = Debug|Any CPU
		{BFA39D0B-5A29-4258-9CDF-0578DA8770B5}.Debug|Any CPU.Build.0 = Debug|Any CPU
		{BFA39D0B-5A29-4258-9CDF-0578DA8770B5}.Release|Any CPU.ActiveCfg = Release|Any CPU
		{BFA39D0B-5A29-4258-9CDF-0578DA8770B5}.Release|Any CPU.Build.0 = Release|Any CPU
		{FF00BAC7-E828-4904-BDBD-1390F9CDE681}.Debug|Any CPU.ActiveCfg = Debug|Any CPU
		{FF00BAC7-E828-4904-BDBD-1390F9CDE681}.Debug|Any CPU.Build.0 = Debug|Any CPU
		{FF00BAC7-E828-4904-BDBD-1390F9CDE681}.Release|Any CPU.ActiveCfg = Release|Any CPU
		{FF00BAC7-E828-4904-BDBD-1390F9CDE681}.Release|Any CPU.Build.0 = Release|Any CPU
		{5C2BB30F-E83F-4E0B-82DA-8B9E8CBF61BF}.Debug|Any CPU.ActiveCfg = Debug|Any CPU
		{5C2BB30F-E83F-4E0B-82DA-8B9E8CBF61BF}.Debug|Any CPU.Build.0 = Debug|Any CPU
		{5C2BB30F-E83F-4E0B-82DA-8B9E8CBF61BF}.Release|Any CPU.ActiveCfg = Release|Any CPU
		{5C2BB30F-E83F-4E0B-82DA-8B9E8CBF61BF}.Release|Any CPU.Build.0 = Release|Any CPU
		{9D8E20BB-E692-4562-A6AF-9E7A5C7D28C0}.Debug|Any CPU.ActiveCfg = Debug|Any CPU
		{9D8E20BB-E692-4562-A6AF-9E7A5C7D28C0}.Debug|Any CPU.Build.0 = Debug|Any CPU
		{9D8E20BB-E692-4562-A6AF-9E7A5C7D28C0}.Release|Any CPU.ActiveCfg = Release|Any CPU
		{9D8E20BB-E692-4562-A6AF-9E7A5C7D28C0}.Release|Any CPU.Build.0 = Release|Any CPU
	EndGlobalSection
	GlobalSection(SolutionProperties) = preSolution
		HideSolutionNode = FALSE
	EndGlobalSection
	GlobalSection(NestedProjects) = preSolution
		{E50C3BD6-538C-4F13-9724-5E2E7EBFD144} = {02EA681E-C7D8-13C7-8484-4AC65E1B71E8}
		{42CB7F25-FB1D-4D92-8020-6DA2E2C6A36D} = {02EA681E-C7D8-13C7-8484-4AC65E1B71E8}
		{69BA06B3-2A2D-42C1-B590-D4D8D3DBC664} = {8C4B2B3A-3757-4B1D-9265-CC205256F4C8}
		{9838EA75-DD2B-4A0D-8546-59EF2D44D7EA} = {8C4B2B3A-3757-4B1D-9265-CC205256F4C8}
		{AF9C46C4-A70F-44AD-859B-1A04BB0DBF34} = {8C4B2B3A-3757-4B1D-9265-CC205256F4C8}
		{EA5CA840-663D-4F96-AE7D-236ED2D5C223} = {8C4B2B3A-3757-4B1D-9265-CC205256F4C8}
		{BFA39D0B-5A29-4258-9CDF-0578DA8770B5} = {E6774472-4D21-450E-86AE-EDF815BE36E7}
		{FF00BAC7-E828-4904-BDBD-1390F9CDE681} = {E6774472-4D21-450E-86AE-EDF815BE36E7}
		{5C2BB30F-E83F-4E0B-82DA-8B9E8CBF61BF} = {E6774472-4D21-450E-86AE-EDF815BE36E7}
		{9D8E20BB-E692-4562-A6AF-9E7A5C7D28C0} = {E6774472-4D21-450E-86AE-EDF815BE36E7}
	EndGlobalSection
	GlobalSection(ExtensibilityGlobals) = postSolution
		SolutionGuid = {2186DE36-C141-4A1F-BA3F-7404D895888A}
	EndGlobalSection
EndGlobal
